// !$*UTF8*$!
{
	archiveVersion = 1;
	classes = {
	};
	objectVersion = 50;
	objects = {

/* Begin PBXBuildFile section */
		7109093A2668E8B000ACE93B /* Match+CoreDataClass.swift in Sources */ = {isa = PBXBuildFile; fileRef = 710909382668E8B000ACE93B /* Match+CoreDataClass.swift */; };
		7109093B2668E8B000ACE93B /* Match+CoreDataProperties.swift in Sources */ = {isa = PBXBuildFile; fileRef = 710909392668E8B000ACE93B /* Match+CoreDataProperties.swift */; };
		7122B71D26654E3D0089853C /* MatchViewModel.swift in Sources */ = {isa = PBXBuildFile; fileRef = 7122B71C26654E3D0089853C /* MatchViewModel.swift */; };
		7180C1D2265ECA6000D56152 /* Score+CoreDataClass.swift in Sources */ = {isa = PBXBuildFile; fileRef = 7180C1CC265ECA6000D56152 /* Score+CoreDataClass.swift */; };
		7180C1D3265ECA6000D56152 /* Player+CoreDataClass.swift in Sources */ = {isa = PBXBuildFile; fileRef = 7180C1CD265ECA6000D56152 /* Player+CoreDataClass.swift */; };
		71838012265ED6B00097F6E9 /* DuplicateMatchScore.xcdatamodeld in Sources */ = {isa = PBXBuildFile; fileRef = 71838010265ED6B00097F6E9 /* DuplicateMatchScore.xcdatamodeld */; };
		719313C9265E9D6F00B4789F /* DuplicateMatchScoreApp.swift in Sources */ = {isa = PBXBuildFile; fileRef = 719313C8265E9D6F00B4789F /* DuplicateMatchScoreApp.swift */; };
		719313CB265E9D6F00B4789F /* MatchListView.swift in Sources */ = {isa = PBXBuildFile; fileRef = 719313CA265E9D6F00B4789F /* MatchListView.swift */; };
		719313CD265E9D7100B4789F /* Assets.xcassets in Resources */ = {isa = PBXBuildFile; fileRef = 719313CC265E9D7100B4789F /* Assets.xcassets */; };
		719313D0265E9D7100B4789F /* Preview Assets.xcassets in Resources */ = {isa = PBXBuildFile; fileRef = 719313CF265E9D7100B4789F /* Preview Assets.xcassets */; };
		719313D2265E9D7100B4789F /* Persistence.swift in Sources */ = {isa = PBXBuildFile; fileRef = 719313D1265E9D7100B4789F /* Persistence.swift */; };
		71C02A8D266F5288007CA443 /* MatchView.swift in Sources */ = {isa = PBXBuildFile; fileRef = 71C02A8C266F5288007CA443 /* MatchView.swift */; };
		71FA9723265F173D00C5037F /* MatchView.swift in Sources */ = {isa = PBXBuildFile; fileRef = 71FA9722265F173D00C5037F /* MatchView.swift */; };
		71FA9727265FF42200C5037F /* MatchTabView.swift in Sources */ = {isa = PBXBuildFile; fileRef = 71FA9726265FF42200C5037F /* MatchTabView.swift */; };
		71FA9729265FF4B900C5037F /* ScoreView.swift in Sources */ = {isa = PBXBuildFile; fileRef = 71FA9728265FF4B900C5037F /* ScoreView.swift */; };
		71FA972B265FF4DB00C5037F /* ResultsView.swift in Sources */ = {isa = PBXBuildFile; fileRef = 71FA972A265FF4DB00C5037F /* ResultsView.swift */; };
/* End PBXBuildFile section */

/* Begin PBXFileReference section */
		710909382668E8B000ACE93B /* Match+CoreDataClass.swift */ = {isa = PBXFileReference; lastKnownFileType = sourcecode.swift; name = "Match+CoreDataClass.swift"; path = "../Views/Match+CoreDataClass.swift"; sourceTree = "<group>"; };
		710909392668E8B000ACE93B /* Match+CoreDataProperties.swift */ = {isa = PBXFileReference; lastKnownFileType = sourcecode.swift; path = "Match+CoreDataProperties.swift"; sourceTree = "<group>"; };
		7122B71C26654E3D0089853C /* MatchViewModel.swift */ = {isa = PBXFileReference; lastKnownFileType = sourcecode.swift; path = MatchViewModel.swift; sourceTree = "<group>"; };
		7180C1CC265ECA6000D56152 /* Score+CoreDataClass.swift */ = {isa = PBXFileReference; fileEncoding = 4; lastKnownFileType = sourcecode.swift; path = "Score+CoreDataClass.swift"; sourceTree = "<group>"; };
		7180C1CD265ECA6000D56152 /* Player+CoreDataClass.swift */ = {isa = PBXFileReference; fileEncoding = 4; lastKnownFileType = sourcecode.swift; path = "Player+CoreDataClass.swift"; sourceTree = "<group>"; };
		71838011265ED6B00097F6E9 /* DuplicateMatchScore.xcdatamodel */ = {isa = PBXFileReference; lastKnownFileType = wrapper.xcdatamodel; path = DuplicateMatchScore.xcdatamodel; sourceTree = "<group>"; };
		719313C5265E9D6F00B4789F /* DuplicateMatchScore.app */ = {isa = PBXFileReference; explicitFileType = wrapper.application; includeInIndex = 0; path = DuplicateMatchScore.app; sourceTree = BUILT_PRODUCTS_DIR; };
		719313C8265E9D6F00B4789F /* DuplicateMatchScoreApp.swift */ = {isa = PBXFileReference; lastKnownFileType = sourcecode.swift; path = DuplicateMatchScoreApp.swift; sourceTree = "<group>"; };
		719313CA265E9D6F00B4789F /* MatchListView.swift */ = {isa = PBXFileReference; lastKnownFileType = sourcecode.swift; path = MatchListView.swift; sourceTree = "<group>"; };
		719313CC265E9D7100B4789F /* Assets.xcassets */ = {isa = PBXFileReference; lastKnownFileType = folder.assetcatalog; path = Assets.xcassets; sourceTree = "<group>"; };
		719313CF265E9D7100B4789F /* Preview Assets.xcassets */ = {isa = PBXFileReference; lastKnownFileType = folder.assetcatalog; path = "Preview Assets.xcassets"; sourceTree = "<group>"; };
		719313D1265E9D7100B4789F /* Persistence.swift */ = {isa = PBXFileReference; lastKnownFileType = sourcecode.swift; path = Persistence.swift; sourceTree = "<group>"; };
		719313D6265E9D7100B4789F /* Info.plist */ = {isa = PBXFileReference; lastKnownFileType = text.plist.xml; path = Info.plist; sourceTree = "<group>"; };
		71C02A8C266F5288007CA443 /* MatchView.swift */ = {isa = PBXFileReference; fileEncoding = 4; lastKnownFileType = sourcecode.swift; path = MatchView.swift; sourceTree = "<group>"; };
		71FA9722265F173D00C5037F /* MatchView.swift */ = {isa = PBXFileReference; lastKnownFileType = sourcecode.swift; path = MatchView.swift; sourceTree = "<group>"; };
		71FA9726265FF42200C5037F /* MatchTabView.swift */ = {isa = PBXFileReference; fileEncoding = 4; lastKnownFileType = sourcecode.swift; path = MatchTabView.swift; sourceTree = "<group>"; };
		71FA9728265FF4B900C5037F /* ScoreView.swift */ = {isa = PBXFileReference; lastKnownFileType = sourcecode.swift; path = ScoreView.swift; sourceTree = "<group>"; };
		71FA972A265FF4DB00C5037F /* ResultsView.swift */ = {isa = PBXFileReference; lastKnownFileType = sourcecode.swift; path = ResultsView.swift; sourceTree = "<group>"; };
/* End PBXFileReference section */

/* Begin PBXFrameworksBuildPhase section */
		719313C2265E9D6F00B4789F /* Frameworks */ = {
			isa = PBXFrameworksBuildPhase;
			buildActionMask = 2147483647;
			files = (
			);
			runOnlyForDeploymentPostprocessing = 0;
		};
/* End PBXFrameworksBuildPhase section */

/* Begin PBXGroup section */
		7122B71B26654DB60089853C /* ViewModels */ = {
			isa = PBXGroup;
			children = (
				7122B71C26654E3D0089853C /* MatchViewModel.swift */,
			);
			path = ViewModels;
			sourceTree = "<group>";
		};
		7180C1CA265EC7E000D56152 /* Models */ = {
			isa = PBXGroup;
			children = (
				71838010265ED6B00097F6E9 /* DuplicateMatchScore.xcdatamodeld */,
				710909382668E8B000ACE93B /* Match+CoreDataClass.swift */,
				710909392668E8B000ACE93B /* Match+CoreDataProperties.swift */,
				7180C1CD265ECA6000D56152 /* Player+CoreDataClass.swift */,
				7180C1CC265ECA6000D56152 /* Score+CoreDataClass.swift */,
			);
			path = Models;
			sourceTree = "<group>";
		};
		7180C1CB265EC7F800D56152 /* Views */ = {
			isa = PBXGroup;
			children = (
				71FA9726265FF42200C5037F /* MatchTabView.swift */,
				719313CA265E9D6F00B4789F /* MatchListView.swift */,
				71FA9722265F173D00C5037F /* MatchView.swift */,
				71C02A8C266F5288007CA443 /* MatchView.swift */,
				71FA9728265FF4B900C5037F /* ScoreView.swift */,
				71FA972A265FF4DB00C5037F /* ResultsView.swift */,
			);
			path = Views;
			sourceTree = "<group>";
		};
		719313BC265E9D6F00B4789F = {
			isa = PBXGroup;
			children = (
				719313C7265E9D6F00B4789F /* DuplicateMatchScore */,
				719313C6265E9D6F00B4789F /* Products */,
			);
			sourceTree = "<group>";
		};
		719313C6265E9D6F00B4789F /* Products */ = {
			isa = PBXGroup;
			children = (
				719313C5265E9D6F00B4789F /* DuplicateMatchScore.app */,
			);
			name = Products;
			sourceTree = "<group>";
		};
		719313C7265E9D6F00B4789F /* DuplicateMatchScore */ = {
			isa = PBXGroup;
			children = (
				719313C8265E9D6F00B4789F /* DuplicateMatchScoreApp.swift */,
				7122B71B26654DB60089853C /* ViewModels */,
				7180C1CB265EC7F800D56152 /* Views */,
				7180C1CA265EC7E000D56152 /* Models */,
				719313CC265E9D7100B4789F /* Assets.xcassets */,
				719313D1265E9D7100B4789F /* Persistence.swift */,
				719313D6265E9D7100B4789F /* Info.plist */,
				719313CE265E9D7100B4789F /* Preview Content */,
			);
			path = DuplicateMatchScore;
			sourceTree = "<group>";
		};
		719313CE265E9D7100B4789F /* Preview Content */ = {
			isa = PBXGroup;
			children = (
				719313CF265E9D7100B4789F /* Preview Assets.xcassets */,
			);
			path = "Preview Content";
			sourceTree = "<group>";
		};
/* End PBXGroup section */

/* Begin PBXNativeTarget section */
		719313C4265E9D6F00B4789F /* DuplicateMatchScore */ = {
			isa = PBXNativeTarget;
			buildConfigurationList = 719313D9265E9D7100B4789F /* Build configuration list for PBXNativeTarget "DuplicateMatchScore" */;
			buildPhases = (
				719313C1265E9D6F00B4789F /* Sources */,
				719313C2265E9D6F00B4789F /* Frameworks */,
				719313C3265E9D6F00B4789F /* Resources */,
			);
			buildRules = (
			);
			dependencies = (
			);
			name = DuplicateMatchScore;
			productName = DuplicateMatchScore;
			productReference = 719313C5265E9D6F00B4789F /* DuplicateMatchScore.app */;
			productType = "com.apple.product-type.application";
		};
/* End PBXNativeTarget section */

/* Begin PBXProject section */
		719313BD265E9D6F00B4789F /* Project object */ = {
			isa = PBXProject;
			attributes = {
				LastSwiftUpdateCheck = 1250;
				LastUpgradeCheck = 1250;
				TargetAttributes = {
					719313C4265E9D6F00B4789F = {
						CreatedOnToolsVersion = 12.5;
					};
				};
			};
			buildConfigurationList = 719313C0265E9D6F00B4789F /* Build configuration list for PBXProject "DuplicateMatchScore" */;
			compatibilityVersion = "Xcode 9.3";
			developmentRegion = en;
			hasScannedForEncodings = 0;
			knownRegions = (
				en,
				Base,
			);
			mainGroup = 719313BC265E9D6F00B4789F;
			productRefGroup = 719313C6265E9D6F00B4789F /* Products */;
			projectDirPath = "";
			projectRoot = "";
			targets = (
				719313C4265E9D6F00B4789F /* DuplicateMatchScore */,
			);
		};
/* End PBXProject section */

/* Begin PBXResourcesBuildPhase section */
		719313C3265E9D6F00B4789F /* Resources */ = {
			isa = PBXResourcesBuildPhase;
			buildActionMask = 2147483647;
			files = (
				719313D0265E9D7100B4789F /* Preview Assets.xcassets in Resources */,
				719313CD265E9D7100B4789F /* Assets.xcassets in Resources */,
			);
			runOnlyForDeploymentPostprocessing = 0;
		};
/* End PBXResourcesBuildPhase section */

/* Begin PBXSourcesBuildPhase section */
		719313C1265E9D6F00B4789F /* Sources */ = {
			isa = PBXSourcesBuildPhase;
			buildActionMask = 2147483647;
			files = (
				71838012265ED6B00097F6E9 /* DuplicateMatchScore.xcdatamodeld in Sources */,
				7122B71D26654E3D0089853C /* MatchViewModel.swift in Sources */,
				719313D2265E9D7100B4789F /* Persistence.swift in Sources */,
				7109093A2668E8B000ACE93B /* Match+CoreDataClass.swift in Sources */,
				71C02A8D266F5288007CA443 /* MatchView.swift in Sources */,
				71FA9723265F173D00C5037F /* MatchView.swift in Sources */,
				7180C1D2265ECA6000D56152 /* Score+CoreDataClass.swift in Sources */,
				719313CB265E9D6F00B4789F /* MatchListView.swift in Sources */,
				71FA972B265FF4DB00C5037F /* ResultsView.swift in Sources */,
				71FA9727265FF42200C5037F /* MatchTabView.swift in Sources */,
				7180C1D3265ECA6000D56152 /* Player+CoreDataClass.swift in Sources */,
				7109093B2668E8B000ACE93B /* Match+CoreDataProperties.swift in Sources */,
				719313C9265E9D6F00B4789F /* DuplicateMatchScoreApp.swift in Sources */,
				71FA9729265FF4B900C5037F /* ScoreView.swift in Sources */,
			);
			runOnlyForDeploymentPostprocessing = 0;
		};
/* End PBXSourcesBuildPhase section */

/* Begin XCBuildConfiguration section */
		719313D7265E9D7100B4789F /* Debug */ = {
			isa = XCBuildConfiguration;
			buildSettings = {
				ALWAYS_SEARCH_USER_PATHS = NO;
				CLANG_ANALYZER_NONNULL = YES;
				CLANG_ANALYZER_NUMBER_OBJECT_CONVERSION = YES_AGGRESSIVE;
				CLANG_CXX_LANGUAGE_STANDARD = "gnu++14";
				CLANG_CXX_LIBRARY = "libc++";
				CLANG_ENABLE_MODULES = YES;
				CLANG_ENABLE_OBJC_ARC = YES;
				CLANG_ENABLE_OBJC_WEAK = YES;
				CLANG_WARN_BLOCK_CAPTURE_AUTORELEASING = YES;
				CLANG_WARN_BOOL_CONVERSION = YES;
				CLANG_WARN_COMMA = YES;
				CLANG_WARN_CONSTANT_CONVERSION = YES;
				CLANG_WARN_DEPRECATED_OBJC_IMPLEMENTATIONS = YES;
				CLANG_WARN_DIRECT_OBJC_ISA_USAGE = YES_ERROR;
				CLANG_WARN_DOCUMENTATION_COMMENTS = YES;
				CLANG_WARN_EMPTY_BODY = YES;
				CLANG_WARN_ENUM_CONVERSION = YES;
				CLANG_WARN_INFINITE_RECURSION = YES;
				CLANG_WARN_INT_CONVERSION = YES;
				CLANG_WARN_NON_LITERAL_NULL_CONVERSION = YES;
				CLANG_WARN_OBJC_IMPLICIT_RETAIN_SELF = YES;
				CLANG_WARN_OBJC_LITERAL_CONVERSION = YES;
				CLANG_WARN_OBJC_ROOT_CLASS = YES_ERROR;
				CLANG_WARN_QUOTED_INCLUDE_IN_FRAMEWORK_HEADER = YES;
				CLANG_WARN_RANGE_LOOP_ANALYSIS = YES;
				CLANG_WARN_STRICT_PROTOTYPES = YES;
				CLANG_WARN_SUSPICIOUS_MOVE = YES;
				CLANG_WARN_UNGUARDED_AVAILABILITY = YES_AGGRESSIVE;
				CLANG_WARN_UNREACHABLE_CODE = YES;
				CLANG_WARN__DUPLICATE_METHOD_MATCH = YES;
				COPY_PHASE_STRIP = NO;
				DEBUG_INFORMATION_FORMAT = dwarf;
				ENABLE_STRICT_OBJC_MSGSEND = YES;
				ENABLE_TESTABILITY = YES;
				GCC_C_LANGUAGE_STANDARD = gnu11;
				GCC_DYNAMIC_NO_PIC = NO;
				GCC_NO_COMMON_BLOCKS = YES;
				GCC_OPTIMIZATION_LEVEL = 0;
				GCC_PREPROCESSOR_DEFINITIONS = (
					"DEBUG=1",
					"$(inherited)",
				);
				GCC_WARN_64_TO_32_BIT_CONVERSION = YES;
				GCC_WARN_ABOUT_RETURN_TYPE = YES_ERROR;
				GCC_WARN_UNDECLARED_SELECTOR = YES;
				GCC_WARN_UNINITIALIZED_AUTOS = YES_AGGRESSIVE;
				GCC_WARN_UNUSED_FUNCTION = YES;
				GCC_WARN_UNUSED_VARIABLE = YES;
				IPHONEOS_DEPLOYMENT_TARGET = 14.5;
				MTL_ENABLE_DEBUG_INFO = INCLUDE_SOURCE;
				MTL_FAST_MATH = YES;
				ONLY_ACTIVE_ARCH = YES;
				SDKROOT = iphoneos;
				SWIFT_ACTIVE_COMPILATION_CONDITIONS = DEBUG;
				SWIFT_OPTIMIZATION_LEVEL = "-Onone";
			};
			name = Debug;
		};
		719313D8265E9D7100B4789F /* Release */ = {
			isa = XCBuildConfiguration;
			buildSettings = {
				ALWAYS_SEARCH_USER_PATHS = NO;
				CLANG_ANALYZER_NONNULL = YES;
				CLANG_ANALYZER_NUMBER_OBJECT_CONVERSION = YES_AGGRESSIVE;
				CLANG_CXX_LANGUAGE_STANDARD = "gnu++14";
				CLANG_CXX_LIBRARY = "libc++";
				CLANG_ENABLE_MODULES = YES;
				CLANG_ENABLE_OBJC_ARC = YES;
				CLANG_ENABLE_OBJC_WEAK = YES;
				CLANG_WARN_BLOCK_CAPTURE_AUTORELEASING = YES;
				CLANG_WARN_BOOL_CONVERSION = YES;
				CLANG_WARN_COMMA = YES;
				CLANG_WARN_CONSTANT_CONVERSION = YES;
				CLANG_WARN_DEPRECATED_OBJC_IMPLEMENTATIONS = YES;
				CLANG_WARN_DIRECT_OBJC_ISA_USAGE = YES_ERROR;
				CLANG_WARN_DOCUMENTATION_COMMENTS = YES;
				CLANG_WARN_EMPTY_BODY = YES;
				CLANG_WARN_ENUM_CONVERSION = YES;
				CLANG_WARN_INFINITE_RECURSION = YES;
				CLANG_WARN_INT_CONVERSION = YES;
				CLANG_WARN_NON_LITERAL_NULL_CONVERSION = YES;
				CLANG_WARN_OBJC_IMPLICIT_RETAIN_SELF = YES;
				CLANG_WARN_OBJC_LITERAL_CONVERSION = YES;
				CLANG_WARN_OBJC_ROOT_CLASS = YES_ERROR;
				CLANG_WARN_QUOTED_INCLUDE_IN_FRAMEWORK_HEADER = YES;
				CLANG_WARN_RANGE_LOOP_ANALYSIS = YES;
				CLANG_WARN_STRICT_PROTOTYPES = YES;
				CLANG_WARN_SUSPICIOUS_MOVE = YES;
				CLANG_WARN_UNGUARDED_AVAILABILITY = YES_AGGRESSIVE;
				CLANG_WARN_UNREACHABLE_CODE = YES;
				CLANG_WARN__DUPLICATE_METHOD_MATCH = YES;
				COPY_PHASE_STRIP = NO;
				DEBUG_INFORMATION_FORMAT = "dwarf-with-dsym";
				ENABLE_NS_ASSERTIONS = NO;
				ENABLE_STRICT_OBJC_MSGSEND = YES;
				GCC_C_LANGUAGE_STANDARD = gnu11;
				GCC_NO_COMMON_BLOCKS = YES;
				GCC_WARN_64_TO_32_BIT_CONVERSION = YES;
				GCC_WARN_ABOUT_RETURN_TYPE = YES_ERROR;
				GCC_WARN_UNDECLARED_SELECTOR = YES;
				GCC_WARN_UNINITIALIZED_AUTOS = YES_AGGRESSIVE;
				GCC_WARN_UNUSED_FUNCTION = YES;
				GCC_WARN_UNUSED_VARIABLE = YES;
				IPHONEOS_DEPLOYMENT_TARGET = 14.5;
				MTL_ENABLE_DEBUG_INFO = NO;
				MTL_FAST_MATH = YES;
				SDKROOT = iphoneos;
				SWIFT_COMPILATION_MODE = wholemodule;
				SWIFT_OPTIMIZATION_LEVEL = "-O";
				VALIDATE_PRODUCT = YES;
			};
			name = Release;
		};
		719313DA265E9D7100B4789F /* Debug */ = {
			isa = XCBuildConfiguration;
			buildSettings = {
				ASSETCATALOG_COMPILER_APPICON_NAME = AppIcon;
				ASSETCATALOG_COMPILER_GLOBAL_ACCENT_COLOR_NAME = AccentColor;
				CODE_SIGN_STYLE = Automatic;
				DEVELOPMENT_ASSET_PATHS = "\"DuplicateMatchScore/Preview Content\"";
				DEVELOPMENT_TEAM = QWS68FU667;
				ENABLE_PREVIEWS = YES;
				INFOPLIST_FILE = DuplicateMatchScore/Info.plist;
				IPHONEOS_DEPLOYMENT_TARGET = 14.0;
				LD_RUNPATH_SEARCH_PATHS = (
					"$(inherited)",
					"@executable_path/Frameworks",
				);
				MARKETING_VERSION = 2.0;
				PRODUCT_BUNDLE_IDENTIFIER = Cureton.DuplicateMatchScoreV2;
				PRODUCT_NAME = "$(TARGET_NAME)";
				SWIFT_VERSION = 5.0;
				TARGETED_DEVICE_FAMILY = "1,2";
			};
			name = Debug;
		};
		719313DB265E9D7100B4789F /* Release */ = {
			isa = XCBuildConfiguration;
			buildSettings = {
				ASSETCATALOG_COMPILER_APPICON_NAME = AppIcon;
				ASSETCATALOG_COMPILER_GLOBAL_ACCENT_COLOR_NAME = AccentColor;
				CODE_SIGN_STYLE = Automatic;
				DEVELOPMENT_ASSET_PATHS = "\"DuplicateMatchScore/Preview Content\"";
				DEVELOPMENT_TEAM = QWS68FU667;
				ENABLE_PREVIEWS = YES;
				INFOPLIST_FILE = DuplicateMatchScore/Info.plist;
				IPHONEOS_DEPLOYMENT_TARGET = 14.0;
				LD_RUNPATH_SEARCH_PATHS = (
					"$(inherited)",
					"@executable_path/Frameworks",
				);
				MARKETING_VERSION = 2.0;
				PRODUCT_BUNDLE_IDENTIFIER = Cureton.DuplicateMatchScoreV2;
				PRODUCT_NAME = "$(TARGET_NAME)";
				SWIFT_VERSION = 5.0;
				TARGETED_DEVICE_FAMILY = "1,2";
			};
			name = Release;
		};
/* End XCBuildConfiguration section */

/* Begin XCConfigurationList section */
		719313C0265E9D6F00B4789F /* Build configuration list for PBXProject "DuplicateMatchScore" */ = {
			isa = XCConfigurationList;
			buildConfigurations = (
				719313D7265E9D7100B4789F /* Debug */,
				719313D8265E9D7100B4789F /* Release */,
			);
			defaultConfigurationIsVisible = 0;
			defaultConfigurationName = Release;
		};
		719313D9265E9D7100B4789F /* Build configuration list for PBXNativeTarget "DuplicateMatchScore" */ = {
			isa = XCConfigurationList;
			buildConfigurations = (
				719313DA265E9D7100B4789F /* Debug */,
				719313DB265E9D7100B4789F /* Release */,
			);
			defaultConfigurationIsVisible = 0;
			defaultConfigurationName = Release;
		};
/* End XCConfigurationList section */

/* Begin XCVersionGroup section */
		71838010265ED6B00097F6E9 /* DuplicateMatchScore.xcdatamodeld */ = {
			isa = XCVersionGroup;
			children = (
				71838011265ED6B00097F6E9 /* DuplicateMatchScore.xcdatamodel */,
			);
			currentVersion = 71838011265ED6B00097F6E9 /* DuplicateMatchScore.xcdatamodel */;
			path = DuplicateMatchScore.xcdatamodeld;
			sourceTree = "<group>";
			versionGroupType = wrapper.xcdatamodel;
		};
/* End XCVersionGroup section */
	};
	rootObject = 719313BD265E9D6F00B4789F /* Project object */;
}
